dependencies:
- name: mi-fitness-api
  repository: file://../mi-fitness-api
  version: 0.1.0
- name: mi-fitness-api-worker
  repository: file://../mi-fitness-api-worker
  version: 0.1.0
- name: cpp-frontend
  repository: file://../cpp-frontend
  version: 0.1.0
digest: sha256:2822f762f10e1e5342c26dbf865d81d3c92e871b63d4dd8095170bdd5c01ca84
generated: "2026-09-29T15:48:19.622996+05:00"
